// !$*UTF8*$!
{
	archiveVersion = 1;
	classes = {
	};
	objectVersion = 46;
	objects = {

/* Begin PBXBuildFile section */
		448337F61F65D61F001826A2 /* Captain.swift in Sources */ = {isa = PBXBuildFile; fileRef = 448337F51F65D61F001826A2 /* Captain.swift */; };
		448337F81F65D6F0001826A2 /* CaptainStore.swift in Sources */ = {isa = PBXBuildFile; fileRef = 448337F71F65D6F0001826A2 /* CaptainStore.swift */; };
		448337FA1F65D92C001826A2 /* CaptainsTableViewController.swift in Sources */ = {isa = PBXBuildFile; fileRef = 448337F91F65D92C001826A2 /* CaptainsTableViewController.swift */; };
		448337FC1F65DA67001826A2 /* IntroViewController.swift in Sources */ = {isa = PBXBuildFile; fileRef = 448337FB1F65DA67001826A2 /* IntroViewController.swift */; };
		448337FE1F65DE5B001826A2 /* CaptainTableViewCell.swift in Sources */ = {isa = PBXBuildFile; fileRef = 448337FD1F65DE5B001826A2 /* CaptainTableViewCell.swift */; };
		448338031F66003F001826A2 /* CaptainPhotoViewController.swift in Sources */ = {isa = PBXBuildFile; fileRef = 448338021F66003F001826A2 /* CaptainPhotoViewController.swift */; };
		448338051F661A66001826A2 /* NewCaptainViewController.swift in Sources */ = {isa = PBXBuildFile; fileRef = 448338041F661A66001826A2 /* NewCaptainViewController.swift */; };
		44F785771F60E8C20086E9C7 /* AppDelegate.swift in Sources */ = {isa = PBXBuildFile; fileRef = 44F785761F60E8C20086E9C7 /* AppDelegate.swift */; };
		44F7857C1F60E8C20086E9C7 /* Main.storyboard in Resources */ = {isa = PBXBuildFile; fileRef = 44F7857A1F60E8C20086E9C7 /* Main.storyboard */; };
		44F7857E1F60E8C20086E9C7 /* Assets.xcassets in Resources */ = {isa = PBXBuildFile; fileRef = 44F7857D1F60E8C20086E9C7 /* Assets.xcassets */; };
		44F785811F60E8C20086E9C7 /* LaunchScreen.storyboard in Resources */ = {isa = PBXBuildFile; fileRef = 44F7857F1F60E8C20086E9C7 /* LaunchScreen.storyboard */; };
		44F7858C1F60E8C20086E9C7 /* SurviveAbility_iOSTests.swift in Sources */ = {isa = PBXBuildFile; fileRef = 44F7858B1F60E8C20086E9C7 /* SurviveAbility_iOSTests.swift */; };
/* End PBXBuildFile section */

/* Begin PBXContainerItemProxy section */
		44F785881F60E8C20086E9C7 /* PBXContainerItemProxy */ = {
			isa = PBXContainerItemProxy;
			containerPortal = 44F7856B1F60E8C20086E9C7 /* Project object */;
			proxyType = 1;
			remoteGlobalIDString = 44F785721F60E8C20086E9C7;
			remoteInfo = "SurviveAbility-iOS";
		};
/* End PBXContainerItemProxy section */

/* Begin PBXFileReference section */
		448337F51F65D61F001826A2 /* Captain.swift */ = {isa = PBXFileReference; fileEncoding = 4; lastKnownFileType = sourcecode.swift; path = Captain.swift; sourceTree = "<group>"; };
		448337F71F65D6F0001826A2 /* CaptainStore.swift */ = {isa = PBXFileReference; fileEncoding = 4; lastKnownFileType = sourcecode.swift; path = CaptainStore.swift; sourceTree = "<group>"; };
		448337F91F65D92C001826A2 /* CaptainsTableViewController.swift */ = {isa = PBXFileReference; fileEncoding = 4; lastKnownFileType = sourcecode.swift; path = CaptainsTableViewController.swift; sourceTree = "<group>"; };
		448337FB1F65DA67001826A2 /* IntroViewController.swift */ = {isa = PBXFileReference; fileEncoding = 4; lastKnownFileType = sourcecode.swift; path = IntroViewController.swift; sourceTree = "<group>"; };
		448337FD1F65DE5B001826A2 /* CaptainTableViewCell.swift */ = {isa = PBXFileReference; fileEncoding = 4; lastKnownFileType = sourcecode.swift; path = CaptainTableViewCell.swift; sourceTree = "<group>"; };
		448338021F66003F001826A2 /* CaptainPhotoViewController.swift */ = {isa = PBXFileReference; fileEncoding = 4; lastKnownFileType = sourcecode.swift; path = CaptainPhotoViewController.swift; sourceTree = "<group>"; };
		448338041F661A66001826A2 /* NewCaptainViewController.swift */ = {isa = PBXFileReference; fileEncoding = 4; lastKnownFileType = sourcecode.swift; path = NewCaptainViewController.swift; sourceTree = "<group>"; };
		44F785731F60E8C20086E9C7 /* SurviveAbility-iOS.app */ = {isa = PBXFileReference; explicitFileType = wrapper.application; includeInIndex = 0; path = "SurviveAbility-iOS.app"; sourceTree = BUILT_PRODUCTS_DIR; };
		44F785761F60E8C20086E9C7 /* AppDelegate.swift */ = {isa = PBXFileReference; lastKnownFileType = sourcecode.swift; path = AppDelegate.swift; sourceTree = "<group>"; };
		44F7857B1F60E8C20086E9C7 /* Base */ = {isa = PBXFileReference; lastKnownFileType = file.storyboard; name = Base; path = Base.lproj/Main.storyboard; sourceTree = "<group>"; };
		44F7857D1F60E8C20086E9C7 /* Assets.xcassets */ = {isa = PBXFileReference; lastKnownFileType = folder.assetcatalog; path = Assets.xcassets; sourceTree = "<group>"; };
		44F785801F60E8C20086E9C7 /* Base */ = {isa = PBXFileReference; lastKnownFileType = file.storyboard; name = Base; path = Base.lproj/LaunchScreen.storyboard; sourceTree = "<group>"; };
		44F785821F60E8C20086E9C7 /* Info.plist */ = {isa = PBXFileReference; lastKnownFileType = text.plist.xml; path = Info.plist; sourceTree = "<group>"; };
		44F785871F60E8C20086E9C7 /* SurviveAbility-iOSTests.xctest */ = {isa = PBXFileReference; explicitFileType = wrapper.cfbundle; includeInIndex = 0; path = "SurviveAbility-iOSTests.xctest"; sourceTree = BUILT_PRODUCTS_DIR; };
		44F7858B1F60E8C20086E9C7 /* SurviveAbility_iOSTests.swift */ = {isa = PBXFileReference; lastKnownFileType = sourcecode.swift; path = SurviveAbility_iOSTests.swift; sourceTree = "<group>"; };
		44F7858D1F60E8C20086E9C7 /* Info.plist */ = {isa = PBXFileReference; lastKnownFileType = text.plist.xml; path = Info.plist; sourceTree = "<group>"; };
/* End PBXFileReference section */

/* Begin PBXFrameworksBuildPhase section */
		44F785701F60E8C20086E9C7 /* Frameworks */ = {
			isa = PBXFrameworksBuildPhase;
			buildActionMask = 2147483647;
			files = (
			);
			runOnlyForDeploymentPostprocessing = 0;
		};
		44F785841F60E8C20086E9C7 /* Frameworks */ = {
			isa = PBXFrameworksBuildPhase;
			buildActionMask = 2147483647;
			files = (
			);
			runOnlyForDeploymentPostprocessing = 0;
		};
/* End PBXFrameworksBuildPhase section */

/* Begin PBXGroup section */
		448337FF1F65DF7D001826A2 /* Controllers */ = {
			isa = PBXGroup;
			children = (
				448337F91F65D92C001826A2 /* CaptainsTableViewController.swift */,
				448337FB1F65DA67001826A2 /* IntroViewController.swift */,
				448338021F66003F001826A2 /* CaptainPhotoViewController.swift */,
				448338041F661A66001826A2 /* NewCaptainViewController.swift */,
			);
			name = Controllers;
			sourceTree = "<group>";
		};
		448338001F65DF97001826A2 /* Models */ = {
			isa = PBXGroup;
			children = (
				448337F71F65D6F0001826A2 /* CaptainStore.swift */,
				448337F51F65D61F001826A2 /* Captain.swift */,
			);
			name = Models;
			sourceTree = "<group>";
		};
		448338011F65DFAA001826A2 /* Views */ = {
			isa = PBXGroup;
			children = (
				448337FD1F65DE5B001826A2 /* CaptainTableViewCell.swift */,
			);
			name = Views;
			sourceTree = "<group>";
		};
		44F7856A1F60E8C20086E9C7 = {
			isa = PBXGroup;
			children = (
				44F785751F60E8C20086E9C7 /* SurviveAbility-iOS */,
				44F7858A1F60E8C20086E9C7 /* SurviveAbility-iOSTests */,
				44F785741F60E8C20086E9C7 /* Products */,
			);
			sourceTree = "<group>";
		};
		44F785741F60E8C20086E9C7 /* Products */ = {
			isa = PBXGroup;
			children = (
				44F785731F60E8C20086E9C7 /* SurviveAbility-iOS.app */,
				44F785871F60E8C20086E9C7 /* SurviveAbility-iOSTests.xctest */,
			);
			name = Products;
			sourceTree = "<group>";
		};
		44F785751F60E8C20086E9C7 /* SurviveAbility-iOS */ = {
			isa = PBXGroup;
			children = (
				44F785761F60E8C20086E9C7 /* AppDelegate.swift */,
				44F7857A1F60E8C20086E9C7 /* Main.storyboard */,
				44F7857D1F60E8C20086E9C7 /* Assets.xcassets */,
				44F7857F1F60E8C20086E9C7 /* LaunchScreen.storyboard */,
				44F785821F60E8C20086E9C7 /* Info.plist */,
				448338011F65DFAA001826A2 /* Views */,
				448338001F65DF97001826A2 /* Models */,
				448337FF1F65DF7D001826A2 /* Controllers */,
			);
			path = "SurviveAbility-iOS";
			sourceTree = "<group>";
		};
		44F7858A1F60E8C20086E9C7 /* SurviveAbility-iOSTests */ = {
			isa = PBXGroup;
			children = (
				44F7858B1F60E8C20086E9C7 /* SurviveAbility_iOSTests.swift */,
				44F7858D1F60E8C20086E9C7 /* Info.plist */,
			);
			path = "SurviveAbility-iOSTests";
			sourceTree = "<group>";
		};
/* End PBXGroup section */

/* Begin PBXNativeTarget section */
		44F785721F60E8C20086E9C7 /* SurviveAbility-iOS */ = {
			isa = PBXNativeTarget;
			buildConfigurationList = 44F785901F60E8C20086E9C7 /* Build configuration list for PBXNativeTarget "SurviveAbility-iOS" */;
			buildPhases = (
				44F7856F1F60E8C20086E9C7 /* Sources */,
				44F785701F60E8C20086E9C7 /* Frameworks */,
				44F785711F60E8C20086E9C7 /* Resources */,
			);
			buildRules = (
			);
			dependencies = (
			);
			name = "SurviveAbility-iOS";
			productName = "SurviveAbility-iOS";
			productReference = 44F785731F60E8C20086E9C7 /* SurviveAbility-iOS.app */;
			productType = "com.apple.product-type.application";
		};
		44F785861F60E8C20086E9C7 /* SurviveAbility-iOSTests */ = {
			isa = PBXNativeTarget;
			buildConfigurationList = 44F785931F60E8C20086E9C7 /* Build configuration list for PBXNativeTarget "SurviveAbility-iOSTests" */;
			buildPhases = (
				44F785831F60E8C20086E9C7 /* Sources */,
				44F785841F60E8C20086E9C7 /* Frameworks */,
				44F785851F60E8C20086E9C7 /* Resources */,
			);
			buildRules = (
			);
			dependencies = (
				44F785891F60E8C20086E9C7 /* PBXTargetDependency */,
			);
			name = "SurviveAbility-iOSTests";
			productName = "SurviveAbility-iOSTests";
			productReference = 44F785871F60E8C20086E9C7 /* SurviveAbility-iOSTests.xctest */;
			productType = "com.apple.product-type.bundle.unit-test";
		};
/* End PBXNativeTarget section */

/* Begin PBXProject section */
		44F7856B1F60E8C20086E9C7 /* Project object */ = {
			isa = PBXProject;
			attributes = {
				LastSwiftUpdateCheck = 0830;
				LastUpgradeCheck = 0830;
				ORGANIZATIONNAME = "Megan McPherson";
				TargetAttributes = {
					44F785721F60E8C20086E9C7 = {
						CreatedOnToolsVersion = 8.3.3;
						DevelopmentTeam = VFB953662H;
						LastSwiftMigration = 0900;
						ProvisioningStyle = Automatic;
					};
					44F785861F60E8C20086E9C7 = {
						CreatedOnToolsVersion = 8.3.3;
						DevelopmentTeam = VFB953662H;
						LastSwiftMigration = 0900;
						ProvisioningStyle = Automatic;
						TestTargetID = 44F785721F60E8C20086E9C7;
					};
				};
			};
			buildConfigurationList = 44F7856E1F60E8C20086E9C7 /* Build configuration list for PBXProject "SurviveAbility-iOS" */;
			compatibilityVersion = "Xcode 3.2";
			developmentRegion = English;
			hasScannedForEncodings = 0;
			knownRegions = (
				en,
				Base,
			);
			mainGroup = 44F7856A1F60E8C20086E9C7;
			productRefGroup = 44F785741F60E8C20086E9C7 /* Products */;
			projectDirPath = "";
			projectRoot = "";
			targets = (
				44F785721F60E8C20086E9C7 /* SurviveAbility-iOS */,
				44F785861F60E8C20086E9C7 /* SurviveAbility-iOSTests */,
			);
		};
/* End PBXProject section */

/* Begin PBXResourcesBuildPhase section */
		44F785711F60E8C20086E9C7 /* Resources */ = {
			isa = PBXResourcesBuildPhase;
			buildActionMask = 2147483647;
			files = (
				44F785811F60E8C20086E9C7 /* LaunchScreen.storyboard in Resources */,
				44F7857E1F60E8C20086E9C7 /* Assets.xcassets in Resources */,
				44F7857C1F60E8C20086E9C7 /* Main.storyboard in Resources */,
			);
			runOnlyForDeploymentPostprocessing = 0;
		};
		44F785851F60E8C20086E9C7 /* Resources */ = {
			isa = PBXResourcesBuildPhase;
			buildActionMask = 2147483647;
			files = (
			);
			runOnlyForDeploymentPostprocessing = 0;
		};
/* End PBXResourcesBuildPhase section */

/* Begin PBXSourcesBuildPhase section */
		44F7856F1F60E8C20086E9C7 /* Sources */ = {
			isa = PBXSourcesBuildPhase;
			buildActionMask = 2147483647;
			files = (
				448337FC1F65DA67001826A2 /* IntroViewController.swift in Sources */,
				448337F81F65D6F0001826A2 /* CaptainStore.swift in Sources */,
				448338051F661A66001826A2 /* NewCaptainViewController.swift in Sources */,
				448338031F66003F001826A2 /* CaptainPhotoViewController.swift in Sources */,
				448337F61F65D61F001826A2 /* Captain.swift in Sources */,
				448337FA1F65D92C001826A2 /* CaptainsTableViewController.swift in Sources */,
				448337FE1F65DE5B001826A2 /* CaptainTableViewCell.swift in Sources */,
				44F785771F60E8C20086E9C7 /* AppDelegate.swift in Sources */,
			);
			runOnlyForDeploymentPostprocessing = 0;
		};
		44F785831F60E8C20086E9C7 /* Sources */ = {
			isa = PBXSourcesBuildPhase;
			buildActionMask = 2147483647;
			files = (
				44F7858C1F60E8C20086E9C7 /* SurviveAbility_iOSTests.swift in Sources */,
			);
			runOnlyForDeploymentPostprocessing = 0;
		};
/* End PBXSourcesBuildPhase section */

/* Begin PBXTargetDependency section */
		44F785891F60E8C20086E9C7 /* PBXTargetDependency */ = {
			isa = PBXTargetDependency;
			target = 44F785721F60E8C20086E9C7 /* SurviveAbility-iOS */;
			targetProxy = 44F785881F60E8C20086E9C7 /* PBXContainerItemProxy */;
		};
/* End PBXTargetDependency section */

/* Begin PBXVariantGroup section */
		44F7857A1F60E8C20086E9C7 /* Main.storyboard */ = {
			isa = PBXVariantGroup;
			children = (
				44F7857B1F60E8C20086E9C7 /* Base */,
			);
			name = Main.storyboard;
			sourceTree = "<group>";
		};
		44F7857F1F60E8C20086E9C7 /* LaunchScreen.storyboard */ = {
			isa = PBXVariantGroup;
			children = (
				44F785801F60E8C20086E9C7 /* Base */,
			);
			name = LaunchScreen.storyboard;
			sourceTree = "<group>";
		};
/* End PBXVariantGroup section */

/* Begin XCBuildConfiguration section */
		44F7858E1F60E8C20086E9C7 /* Debug */ = {
			isa = XCBuildConfiguration;
			buildSettings = {
				ALWAYS_SEARCH_USER_PATHS = NO;
				CLANG_ANALYZER_NONNULL = YES;
				CLANG_ANALYZER_NUMBER_OBJECT_CONVERSION = YES_AGGRESSIVE;
				CLANG_CXX_LANGUAGE_STANDARD = "gnu++0x";
				CLANG_CXX_LIBRARY = "libc++";
				CLANG_ENABLE_MODULES = YES;
				CLANG_ENABLE_OBJC_ARC = YES;
				CLANG_WARN_BOOL_CONVERSION = YES;
				CLANG_WARN_CONSTANT_CONVERSION = YES;
				CLANG_WARN_DIRECT_OBJC_ISA_USAGE = YES_ERROR;
				CLANG_WARN_DOCUMENTATION_COMMENTS = YES;
				CLANG_WARN_EMPTY_BODY = YES;
				CLANG_WARN_ENUM_CONVERSION = YES;
				CLANG_WARN_INFINITE_RECURSION = YES;
				CLANG_WARN_INT_CONVERSION = YES;
				CLANG_WARN_OBJC_ROOT_CLASS = YES_ERROR;
				CLANG_WARN_SUSPICIOUS_MOVE = YES;
				CLANG_WARN_UNREACHABLE_CODE = YES;
				CLANG_WARN__DUPLICATE_METHOD_MATCH = YES;
				"CODE_SIGN_IDENTITY[sdk=iphoneos*]" = "iPhone Developer";
				COPY_PHASE_STRIP = NO;
				DEBUG_INFORMATION_FORMAT = dwarf;
				ENABLE_STRICT_OBJC_MSGSEND = YES;
				ENABLE_TESTABILITY = YES;
				GCC_C_LANGUAGE_STANDARD = gnu99;
				GCC_DYNAMIC_NO_PIC = NO;
				GCC_NO_COMMON_BLOCKS = YES;
				GCC_OPTIMIZATION_LEVEL = 0;
				GCC_PREPROCESSOR_DEFINITIONS = (
					"DEBUG=1",
					"$(inherited)",
				);
				GCC_WARN_64_TO_32_BIT_CONVERSION = YES;
				GCC_WARN_ABOUT_RETURN_TYPE = YES_ERROR;
				GCC_WARN_UNDECLARED_SELECTOR = YES;
				GCC_WARN_UNINITIALIZED_AUTOS = YES_AGGRESSIVE;
				GCC_WARN_UNUSED_FUNCTION = YES;
				GCC_WARN_UNUSED_VARIABLE = YES;
				IPHONEOS_DEPLOYMENT_TARGET = 10.3;
				MTL_ENABLE_DEBUG_INFO = YES;
				ONLY_ACTIVE_ARCH = YES;
				SDKROOT = iphoneos;
				SWIFT_ACTIVE_COMPILATION_CONDITIONS = DEBUG;
				SWIFT_OPTIMIZATION_LEVEL = "-Onone";
				TARGETED_DEVICE_FAMILY = "1,2";
			};
			name = Debug;
		};
		44F7858F1F60E8C20086E9C7 /* Release */ = {
			isa = XCBuildConfiguration;
			buildSettings = {
				ALWAYS_SEARCH_USER_PATHS = NO;
				CLANG_ANALYZER_NONNULL = YES;
				CLANG_ANALYZER_NUMBER_OBJECT_CONVERSION = YES_AGGRESSIVE;
				CLANG_CXX_LANGUAGE_STANDARD = "gnu++0x";
				CLANG_CXX_LIBRARY = "libc++";
				CLANG_ENABLE_MODULES = YES;
				CLANG_ENABLE_OBJC_ARC = YES;
				CLANG_WARN_BOOL_CONVERSION = YES;
				CLANG_WARN_CONSTANT_CONVERSION = YES;
				CLANG_WARN_DIRECT_OBJC_ISA_USAGE = YES_ERROR;
				CLANG_WARN_DOCUMENTATION_COMMENTS = YES;
				CLANG_WARN_EMPTY_BODY = YES;
				CLANG_WARN_ENUM_CONVERSION = YES;
				CLANG_WARN_INFINITE_RECURSION = YES;
				CLANG_WARN_INT_CONVERSION = YES;
				CLANG_WARN_OBJC_ROOT_CLASS = YES_ERROR;
				CLANG_WARN_SUSPICIOUS_MOVE = YES;
				CLANG_WARN_UNREACHABLE_CODE = YES;
				CLANG_WARN__DUPLICATE_METHOD_MATCH = YES;
				"CODE_SIGN_IDENTITY[sdk=iphoneos*]" = "iPhone Developer";
				COPY_PHASE_STRIP = NO;
				DEBUG_INFORMATION_FORMAT = "dwarf-with-dsym";
				ENABLE_NS_ASSERTIONS = NO;
				ENABLE_STRICT_OBJC_MSGSEND = YES;
				GCC_C_LANGUAGE_STANDARD = gnu99;
				GCC_NO_COMMON_BLOCKS = YES;
				GCC_WARN_64_TO_32_BIT_CONVERSION = YES;
				GCC_WARN_ABOUT_RETURN_TYPE = YES_ERROR;
				GCC_WARN_UNDECLARED_SELECTOR = YES;
				GCC_WARN_UNINITIALIZED_AUTOS = YES_AGGRESSIVE;
				GCC_WARN_UNUSED_FUNCTION = YES;
				GCC_WARN_UNUSED_VARIABLE = YES;
				IPHONEOS_DEPLOYMENT_TARGET = 10.3;
				MTL_ENABLE_DEBUG_INFO = NO;
				SDKROOT = iphoneos;
				SWIFT_OPTIMIZATION_LEVEL = "-Owholemodule";
				TARGETED_DEVICE_FAMILY = "1,2";
				VALIDATE_PRODUCT = YES;
			};
			name = Release;
		};
		44F785911F60E8C20086E9C7 /* Debug */ = {
			isa = XCBuildConfiguration;
			buildSettings = {
				ASSETCATALOG_COMPILER_APPICON_NAME = AppIcon;
				"CODE_SIGN_IDENTITY[sdk=iphoneos*]" = "iPhone Developer";
				DEVELOPMENT_TEAM = VFB953662H;
				INFOPLIST_FILE = "SurviveAbility-iOS/Info.plist";
				LD_RUNPATH_SEARCH_PATHS = "$(inherited) @executable_path/Frameworks";
				PRODUCT_BUNDLE_IDENTIFIER = "Megan-McPherson.SurviveAbility-iOS";
				PRODUCT_NAME = "$(TARGET_NAME)";
				PROVISIONING_PROFILE_SPECIFIER = "";
				SWIFT_VERSION = 4.0;
			};
			name = Debug;
		};
		44F785921F60E8C20086E9C7 /* Release */ = {
			isa = XCBuildConfiguration;
			buildSettings = {
				ASSETCATALOG_COMPILER_APPICON_NAME = AppIcon;
				"CODE_SIGN_IDENTITY[sdk=iphoneos*]" = "iPhone Developer";
				DEVELOPMENT_TEAM = VFB953662H;
				INFOPLIST_FILE = "SurviveAbility-iOS/Info.plist";
				LD_RUNPATH_SEARCH_PATHS = "$(inherited) @executable_path/Frameworks";
				PRODUCT_BUNDLE_IDENTIFIER = "Megan-McPherson.SurviveAbility-iOS";
				PRODUCT_NAME = "$(TARGET_NAME)";
				PROVISIONING_PROFILE_SPECIFIER = "";
				SWIFT_VERSION = 4.0;
			};
			name = Release;
		};
		44F785941F60E8C20086E9C7 /* Debug */ = {
			isa = XCBuildConfiguration;
			buildSettings = {
				ALWAYS_EMBED_SWIFT_STANDARD_LIBRARIES = YES;
				BUNDLE_LOADER = "$(TEST_HOST)";
				"CODE_SIGN_IDENTITY[sdk=iphoneos*]" = "iPhone Developer";
				DEVELOPMENT_TEAM = VFB953662H;
				INFOPLIST_FILE = "SurviveAbility-iOSTests/Info.plist";
				LD_RUNPATH_SEARCH_PATHS = "$(inherited) @executable_path/Frameworks @loader_path/Frameworks";
				PRODUCT_BUNDLE_IDENTIFIER = "Megan-McPherson.SurviveAbility-iOSTests";
				PRODUCT_NAME = "$(TARGET_NAME)";
				PROVISIONING_PROFILE_SPECIFIER = "";
				SWIFT_VERSION = 4.0;
				TEST_HOST = "$(BUILT_PRODUCTS_DIR)/SurviveAbility-iOS.app/SurviveAbility-iOS";
			};
			name = Debug;
		};
		44F785951F60E8C20086E9C7 /* Release */ = {
			isa = XCBuildConfiguration;
			buildSettings = {
				ALWAYS_EMBED_SWIFT_STANDARD_LIBRARIES = YES;
				BUNDLE_LOADER = "$(TEST_HOST)";
				"CODE_SIGN_IDENTITY[sdk=iphoneos*]" = "iPhone Developer";
				DEVELOPMENT_TEAM = VFB953662H;
				INFOPLIST_FILE = "SurviveAbility-iOSTests/Info.plist";
				LD_RUNPATH_SEARCH_PATHS = "$(inherited) @executable_path/Frameworks @loader_path/Frameworks";
				PRODUCT_BUNDLE_IDENTIFIER = "Megan-McPherson.SurviveAbility-iOSTests";
				PRODUCT_NAME = "$(TARGET_NAME)";
				PROVISIONING_PROFILE_SPECIFIER = "";
				SWIFT_VERSION = 4.0;
				TEST_HOST = "$(BUILT_PRODUCTS_DIR)/SurviveAbility-iOS.app/SurviveAbility-iOS";
			};
			name = Release;
		};
/* End XCBuildConfiguration section */

/* Begin XCConfigurationList section */
		44F7856E1F60E8C20086E9C7 /* Build configuration list for PBXProject "SurviveAbility-iOS" */ = {
			isa = XCConfigurationList;
			buildConfigurations = (
				44F7858E1F60E8C20086E9C7 /* Debug */,
				44F7858F1F60E8C20086E9C7 /* Release */,
			);
			defaultConfigurationIsVisible = 0;
			defaultConfigurationName = Release;
		};
		44F785901F60E8C20086E9C7 /* Build configuration list for PBXNativeTarget "SurviveAbility-iOS" */ = {
			isa = XCConfigurationList;
			buildConfigurations = (
				44F785911F60E8C20086E9C7 /* Debug */,
				44F785921F60E8C20086E9C7 /* Release */,
			);
			defaultConfigurationIsVisible = 0;
			defaultConfigurationName = Release;
		};
		44F785931F60E8C20086E9C7 /* Build configuration list for PBXNativeTarget "SurviveAbility-iOSTests" */ = {
			isa = XCConfigurationList;
			buildConfigurations = (
				44F785941F60E8C20086E9C7 /* Debug */,
				44F785951F60E8C20086E9C7 /* Release */,
			);
			defaultConfigurationIsVisible = 0;
			defaultConfigurationName = Release;
		};
/* End XCConfigurationList section */
	};
	rootObject = 44F7856B1F60E8C20086E9C7 /* Project object */;
}
